
Microsoft Visual Studio Solution File, Format Version 12.00
# Visual Studio Version 17
VisualStudioVersion = 17.14.36908.2 d17.14
MinimumVisualStudioVersion = 10.0.40219.1
Project("{FAE04EC0-301F-11D3-BF4B-00C04F79EFBC}") = "converter", "converter.csproj", "{19FB286C-2651-4CAD-9E31-CF66CA3D078B}"
EndProject
Global
	GlobalSection(SolutionConfigurationPlatforms) = preSolution
		Debug|Any CPU = Debug|Any CPU
		Release|Any CPU = Release|Any CPU
	EndGlobalSection
	GlobalSection(ProjectConfigurationPlatforms) = postSolution
		{19FB286C-2651-4CAD-9E31-CF66CA3D078B}.Debug|Any CPU.ActiveCfg = Debug|Any CPU
		{19FB286C-2651-4CAD-9E31-CF66CA3D078B}.Debug|Any CPU.Build.0 = Debug|Any CPU
		{19FB286C-2651-4CAD-9E31-CF66CA3D078B}.Release|Any CPU.ActiveCfg = Release|Any CPU
		{19FB286C-2651-4CAD-9E31-CF66CA3D078B}.Release|Any CPU.Build.0 = Release|Any CPU
	EndGlobalSection
	GlobalSection(SolutionProperties) = preSolution
		HideSolutionNode = FALSE
	EndGlobalSection
	GlobalSection(ExtensibilityGlobals) = postSolution
		SolutionGuid = {0E20CA6E-735C-4692-A9E2-3CE96D08B80F}
	EndGlobalSection
EndGlobal
